{
  "name": "bui-content",
  "version": "0.0.6",
  "lockfileVersion": 1,
  "requires": true,
  "dependencies": {
    "ftellipsis": {
      "version": "0.2.3",
      "resolved": "http://cibartifactory.igrupobbva:8084/artifactory/api/npm/Npm_Virtual2/ftellipsis/-/ftellipsis-0.2.3.tgz",
      "integrity": "sha1-iygBCeNLP1mzDOFkXiIO8erFLO8="
    }
  }
}
